// !$*UTF8*$!
{
	archiveVersion = 1;
	classes = {
	};
	objectVersion = 46;
	objects = {

/* Begin PBXBuildFile section */
		8D1443CE1A816F3700FD17CA /* KeychainWrapper.m in Sources */ = {isa = PBXBuildFile; fileRef = 8D1443CD1A816F3700FD17CA /* KeychainWrapper.m */; };
		8D2D0A3A1A7C31A000E31B14 /* SessionHelper.m in Sources */ = {isa = PBXBuildFile; fileRef = 8D2D0A391A7C31A000E31B14 /* SessionHelper.m */; };
		8D2D0A3D1A7C3E5B00E31B14 /* User.m in Sources */ = {isa = PBXBuildFile; fileRef = 8D2D0A3C1A7C3E5B00E31B14 /* User.m */; };
		8D2D0A401A7C3EA000E31B14 /* Repository.m in Sources */ = {isa = PBXBuildFile; fileRef = 8D2D0A3F1A7C3EA000E31B14 /* Repository.m */; };
		8D3D6DE51A58980E003F8C42 /* AddReposTableViewController.m in Sources */ = {isa = PBXBuildFile; fileRef = 8D3D6DE41A58980E003F8C42 /* AddReposTableViewController.m */; };
		8D3D6DEF1A58CEE6003F8C42 /* RepoWebViewController.m in Sources */ = {isa = PBXBuildFile; fileRef = 8D3D6DEE1A58CEE6003F8C42 /* RepoWebViewController.m */; };
		8D603E551A83F9050004E53A /* PickerViewToolBar.xib in Resources */ = {isa = PBXBuildFile; fileRef = 8D603E541A83F9050004E53A /* PickerViewToolBar.xib */; };
		8D603E581A83FBBD0004E53A /* PickerViewToolBar.m in Sources */ = {isa = PBXBuildFile; fileRef = 8D603E571A83FBBD0004E53A /* PickerViewToolBar.m */; };
		8D603E5B1A8426810004E53A /* UserGraphView.m in Sources */ = {isa = PBXBuildFile; fileRef = 8D603E5A1A8426810004E53A /* UserGraphView.m */; };
		8D805A2B1A59C3BD003C97B2 /* RepoDetailViewController.m in Sources */ = {isa = PBXBuildFile; fileRef = 8D805A2A1A59C3BD003C97B2 /* RepoDetailViewController.m */; };
		8D9EF25B1A756BBA00E36EB4 /* AFNetworking.framework in Frameworks */ = {isa = PBXBuildFile; fileRef = 8D9EF2561A756BBA00E36EB4 /* AFNetworking.framework */; };
		8D9EF25C1A756BBA00E36EB4 /* ISO8601DateFormatter.framework in Frameworks */ = {isa = PBXBuildFile; fileRef = 8D9EF2571A756BBA00E36EB4 /* ISO8601DateFormatter.framework */; };
		8D9EF25D1A756BBA00E36EB4 /* Mantle.framework in Frameworks */ = {isa = PBXBuildFile; fileRef = 8D9EF2581A756BBA00E36EB4 /* Mantle.framework */; };
		8D9EF25E1A756BBA00E36EB4 /* OctoKit.framework in Frameworks */ = {isa = PBXBuildFile; fileRef = 8D9EF2591A756BBA00E36EB4 /* OctoKit.framework */; };
		8D9EF25F1A756BBA00E36EB4 /* ReactiveCocoa.framework in Frameworks */ = {isa = PBXBuildFile; fileRef = 8D9EF25A1A756BBA00E36EB4 /* ReactiveCocoa.framework */; };
		8D9EF2621A75701500E36EB4 /* MobileCoreServices.framework in Frameworks */ = {isa = PBXBuildFile; fileRef = 8D9EF2611A75701500E36EB4 /* MobileCoreServices.framework */; };
		8D9EF2661A7571FB00E36EB4 /* Secret.m in Sources */ = {isa = PBXBuildFile; fileRef = 8D9EF2651A7571FB00E36EB4 /* Secret.m */; };
		8DA3D9AC1A5625D2005AA177 /* RepoTableViewController.m in Sources */ = {isa = PBXBuildFile; fileRef = 8DA3D9AB1A5625D2005AA177 /* RepoTableViewController.m */; };
		8DA3D9AF1A5628BD005AA177 /* GitHubHelper.m in Sources */ = {isa = PBXBuildFile; fileRef = 8DA3D9AE1A5628BD005AA177 /* GitHubHelper.m */; };
		8DA483BE1A76E857002EE56E /* UserHelper.m in Sources */ = {isa = PBXBuildFile; fileRef = 8DA483BD1A76E857002EE56E /* UserHelper.m */; };
		8DA8DC631A5B7E62006D3D3C /* Media.xcassets in Resources */ = {isa = PBXBuildFile; fileRef = 8DA8DC621A5B7E62006D3D3C /* Media.xcassets */; };
		8DBCC45E1A5BBA2C0084BE1F /* LaunchScreen.xib in Resources */ = {isa = PBXBuildFile; fileRef = 8DBCC45D1A5BBA2C0084BE1F /* LaunchScreen.xib */; };
		8DCF3AF41A96866D00FBD2BB /* UITableViewCell+Configurations.m in Sources */ = {isa = PBXBuildFile; fileRef = 8DCF3AF31A96866D00FBD2BB /* UITableViewCell+Configurations.m */; };
		8DCF3AF71A9688DB00FBD2BB /* UILabel+Configurations.m in Sources */ = {isa = PBXBuildFile; fileRef = 8DCF3AF61A9688DB00FBD2BB /* UILabel+Configurations.m */; };
		8DCF3AFA1A968C8900FBD2BB /* UISearchBar+Configurations.m in Sources */ = {isa = PBXBuildFile; fileRef = 8DCF3AF91A968C8900FBD2BB /* UISearchBar+Configurations.m */; };
		8DCF3AFD1A968E2600FBD2BB /* UIRefreshControl+Configurations.m in Sources */ = {isa = PBXBuildFile; fileRef = 8DCF3AFC1A968E2600FBD2BB /* UIRefreshControl+Configurations.m */; };
		8DCF3B001A96AA7700FBD2BB /* UIPickerView+Configurations.m in Sources */ = {isa = PBXBuildFile; fileRef = 8DCF3AFF1A96AA7700FBD2BB /* UIPickerView+Configurations.m */; };
		8DFADDB51A5A470600D1CD04 /* LocalNotificationHelper.m in Sources */ = {isa = PBXBuildFile; fileRef = 8DFADDB41A5A470600D1CD04 /* LocalNotificationHelper.m */; };
		8DFB4C7D1A56208900FA334B /* main.m in Sources */ = {isa = PBXBuildFile; fileRef = 8DFB4C7C1A56208900FA334B /* main.m */; };
		8DFB4C801A56208900FA334B /* AppDelegate.m in Sources */ = {isa = PBXBuildFile; fileRef = 8DFB4C7F1A56208900FA334B /* AppDelegate.m */; };
		8DFB4C831A56208900FA334B /* Reposit.xcdatamodeld in Sources */ = {isa = PBXBuildFile; fileRef = 8DFB4C811A56208900FA334B /* Reposit.xcdatamodeld */; };
		8DFB4C891A56208900FA334B /* Main.storyboard in Resources */ = {isa = PBXBuildFile; fileRef = 8DFB4C871A56208900FA334B /* Main.storyboard */; };
		8DFB4C8B1A56208900FA334B /* Images.xcassets in Resources */ = {isa = PBXBuildFile; fileRef = 8DFB4C8A1A56208900FA334B /* Images.xcassets */; };
		8DFB4C9A1A56208900FA334B /* RepositTests.m in Sources */ = {isa = PBXBuildFile; fileRef = 8DFB4C991A56208900FA334B /* RepositTests.m */; };
/* End PBXBuildFile section */

/* Begin PBXContainerItemProxy section */
		8DFB4C941A56208900FA334B /* PBXContainerItemProxy */ = {
			isa = PBXContainerItemProxy;
			containerPortal = 8DFB4C6F1A56208900FA334B /* Project object */;
			proxyType = 1;
			remoteGlobalIDString = 8DFB4C761A56208900FA334B;
			remoteInfo = Reposit;
		};
/* End PBXContainerItemProxy section */

/* Begin PBXFileReference section */
		8D1443CC1A816F3700FD17CA /* KeychainWrapper.h */ = {isa = PBXFileReference; fileEncoding = 4; lastKnownFileType = sourcecode.c.h; path = KeychainWrapper.h; sourceTree = "<group>"; };
		8D1443CD1A816F3700FD17CA /* KeychainWrapper.m */ = {isa = PBXFileReference; fileEncoding = 4; lastKnownFileType = sourcecode.c.objc; path = KeychainWrapper.m; sourceTree = "<group>"; };
		8D2D0A381A7C31A000E31B14 /* SessionHelper.h */ = {isa = PBXFileReference; fileEncoding = 4; lastKnownFileType = sourcecode.c.h; path = SessionHelper.h; sourceTree = "<group>"; };
		8D2D0A391A7C31A000E31B14 /* SessionHelper.m */ = {isa = PBXFileReference; fileEncoding = 4; lastKnownFileType = sourcecode.c.objc; path = SessionHelper.m; sourceTree = "<group>"; };
		8D2D0A3B1A7C3E5B00E31B14 /* User.h */ = {isa = PBXFileReference; fileEncoding = 4; lastKnownFileType = sourcecode.c.h; path = User.h; sourceTree = "<group>"; };
		8D2D0A3C1A7C3E5B00E31B14 /* User.m */ = {isa = PBXFileReference; fileEncoding = 4; lastKnownFileType = sourcecode.c.objc; path = User.m; sourceTree = "<group>"; };
		8D2D0A3E1A7C3EA000E31B14 /* Repository.h */ = {isa = PBXFileReference; fileEncoding = 4; lastKnownFileType = sourcecode.c.h; path = Repository.h; sourceTree = "<group>"; };
		8D2D0A3F1A7C3EA000E31B14 /* Repository.m */ = {isa = PBXFileReference; fileEncoding = 4; lastKnownFileType = sourcecode.c.objc; path = Repository.m; sourceTree = "<group>"; };
		8D3D6DE31A58980E003F8C42 /* AddReposTableViewController.h */ = {isa = PBXFileReference; fileEncoding = 4; lastKnownFileType = sourcecode.c.h; path = AddReposTableViewController.h; sourceTree = "<group>"; };
		8D3D6DE41A58980E003F8C42 /* AddReposTableViewController.m */ = {isa = PBXFileReference; fileEncoding = 4; lastKnownFileType = sourcecode.c.objc; path = AddReposTableViewController.m; sourceTree = "<group>"; };
		8D3D6DED1A58CEE6003F8C42 /* RepoWebViewController.h */ = {isa = PBXFileReference; fileEncoding = 4; lastKnownFileType = sourcecode.c.h; path = RepoWebViewController.h; sourceTree = "<group>"; };
		8D3D6DEE1A58CEE6003F8C42 /* RepoWebViewController.m */ = {isa = PBXFileReference; fileEncoding = 4; lastKnownFileType = sourcecode.c.objc; path = RepoWebViewController.m; sourceTree = "<group>"; };
		8D603E541A83F9050004E53A /* PickerViewToolBar.xib */ = {isa = PBXFileReference; fileEncoding = 4; lastKnownFileType = file.xib; path = PickerViewToolBar.xib; sourceTree = "<group>"; };
		8D603E561A83FBBD0004E53A /* PickerViewToolBar.h */ = {isa = PBXFileReference; fileEncoding = 4; lastKnownFileType = sourcecode.c.h; path = PickerViewToolBar.h; sourceTree = "<group>"; };
		8D603E571A83FBBD0004E53A /* PickerViewToolBar.m */ = {isa = PBXFileReference; fileEncoding = 4; lastKnownFileType = sourcecode.c.objc; path = PickerViewToolBar.m; sourceTree = "<group>"; };
		8D603E591A8426810004E53A /* UserGraphView.h */ = {isa = PBXFileReference; fileEncoding = 4; lastKnownFileType = sourcecode.c.h; path = UserGraphView.h; sourceTree = "<group>"; };
		8D603E5A1A8426810004E53A /* UserGraphView.m */ = {isa = PBXFileReference; fileEncoding = 4; lastKnownFileType = sourcecode.c.objc; path = UserGraphView.m; sourceTree = "<group>"; };
		8D805A291A59C3BD003C97B2 /* RepoDetailViewController.h */ = {isa = PBXFileReference; fileEncoding = 4; lastKnownFileType = sourcecode.c.h; path = RepoDetailViewController.h; sourceTree = "<group>"; };
		8D805A2A1A59C3BD003C97B2 /* RepoDetailViewController.m */ = {isa = PBXFileReference; fileEncoding = 4; lastKnownFileType = sourcecode.c.objc; path = RepoDetailViewController.m; sourceTree = "<group>"; };
		8D9EF2561A756BBA00E36EB4 /* AFNetworking.framework */ = {isa = PBXFileReference; lastKnownFileType = wrapper.framework; name = AFNetworking.framework; path = Carthage/Build/iOS/AFNetworking.framework; sourceTree = "<group>"; };
		8D9EF2571A756BBA00E36EB4 /* ISO8601DateFormatter.framework */ = {isa = PBXFileReference; lastKnownFileType = wrapper.framework; name = ISO8601DateFormatter.framework; path = Carthage/Build/iOS/ISO8601DateFormatter.framework; sourceTree = "<group>"; };
		8D9EF2581A756BBA00E36EB4 /* Mantle.framework */ = {isa = PBXFileReference; lastKnownFileType = wrapper.framework; name = Mantle.framework; path = Carthage/Build/iOS/Mantle.framework; sourceTree = "<group>"; };
		8D9EF2591A756BBA00E36EB4 /* OctoKit.framework */ = {isa = PBXFileReference; lastKnownFileType = wrapper.framework; name = OctoKit.framework; path = Carthage/Build/iOS/OctoKit.framework; sourceTree = "<group>"; };
		8D9EF25A1A756BBA00E36EB4 /* ReactiveCocoa.framework */ = {isa = PBXFileReference; lastKnownFileType = wrapper.framework; name = ReactiveCocoa.framework; path = Carthage/Build/iOS/ReactiveCocoa.framework; sourceTree = "<group>"; };
		8D9EF2611A75701500E36EB4 /* MobileCoreServices.framework */ = {isa = PBXFileReference; lastKnownFileType = wrapper.framework; name = MobileCoreServices.framework; path = System/Library/Frameworks/MobileCoreServices.framework; sourceTree = SDKROOT; };
		8D9EF2641A7571ED00E36EB4 /* Secret.h */ = {isa = PBXFileReference; lastKnownFileType = sourcecode.c.h; path = Secret.h; sourceTree = "<group>"; };
		8D9EF2651A7571FB00E36EB4 /* Secret.m */ = {isa = PBXFileReference; fileEncoding = 4; lastKnownFileType = sourcecode.c.objc; path = Secret.m; sourceTree = "<group>"; };
		8DA3D9AA1A5625D2005AA177 /* RepoTableViewController.h */ = {isa = PBXFileReference; fileEncoding = 4; lastKnownFileType = sourcecode.c.h; path = RepoTableViewController.h; sourceTree = "<group>"; };
		8DA3D9AB1A5625D2005AA177 /* RepoTableViewController.m */ = {isa = PBXFileReference; fileEncoding = 4; lastKnownFileType = sourcecode.c.objc; path = RepoTableViewController.m; sourceTree = "<group>"; };
		8DA3D9AD1A5628BD005AA177 /* GitHubHelper.h */ = {isa = PBXFileReference; fileEncoding = 4; lastKnownFileType = sourcecode.c.h; path = GitHubHelper.h; sourceTree = "<group>"; };
		8DA3D9AE1A5628BD005AA177 /* GitHubHelper.m */ = {isa = PBXFileReference; fileEncoding = 4; lastKnownFileType = sourcecode.c.objc; path = GitHubHelper.m; sourceTree = "<group>"; };
		8DA483BC1A76E857002EE56E /* UserHelper.h */ = {isa = PBXFileReference; fileEncoding = 4; lastKnownFileType = sourcecode.c.h; path = UserHelper.h; sourceTree = "<group>"; };
		8DA483BD1A76E857002EE56E /* UserHelper.m */ = {isa = PBXFileReference; fileEncoding = 4; lastKnownFileType = sourcecode.c.objc; path = UserHelper.m; sourceTree = "<group>"; };
		8DA8DC621A5B7E62006D3D3C /* Media.xcassets */ = {isa = PBXFileReference; lastKnownFileType = folder.assetcatalog; path = Media.xcassets; sourceTree = "<group>"; };
		8DBCC45D1A5BBA2C0084BE1F /* LaunchScreen.xib */ = {isa = PBXFileReference; fileEncoding = 4; lastKnownFileType = file.xib; path = LaunchScreen.xib; sourceTree = "<group>"; };
		8DCF3AF21A96866D00FBD2BB /* UITableViewCell+Configurations.h */ = {isa = PBXFileReference; fileEncoding = 4; lastKnownFileType = sourcecode.c.h; path = "UITableViewCell+Configurations.h"; sourceTree = "<group>"; };
		8DCF3AF31A96866D00FBD2BB /* UITableViewCell+Configurations.m */ = {isa = PBXFileReference; fileEncoding = 4; lastKnownFileType = sourcecode.c.objc; path = "UITableViewCell+Configurations.m"; sourceTree = "<group>"; };
		8DCF3AF51A9688DB00FBD2BB /* UILabel+Configurations.h */ = {isa = PBXFileReference; fileEncoding = 4; lastKnownFileType = sourcecode.c.h; path = "UILabel+Configurations.h"; sourceTree = "<group>"; };
		8DCF3AF61A9688DB00FBD2BB /* UILabel+Configurations.m */ = {isa = PBXFileReference; fileEncoding = 4; lastKnownFileType = sourcecode.c.objc; path = "UILabel+Configurations.m"; sourceTree = "<group>"; };
		8DCF3AF81A968C8900FBD2BB /* UISearchBar+Configurations.h */ = {isa = PBXFileReference; fileEncoding = 4; lastKnownFileType = sourcecode.c.h; path = "UISearchBar+Configurations.h"; sourceTree = "<group>"; };
		8DCF3AF91A968C8900FBD2BB /* UISearchBar+Configurations.m */ = {isa = PBXFileReference; fileEncoding = 4; lastKnownFileType = sourcecode.c.objc; path = "UISearchBar+Configurations.m"; sourceTree = "<group>"; };
		8DCF3AFB1A968E2600FBD2BB /* UIRefreshControl+Configurations.h */ = {isa = PBXFileReference; fileEncoding = 4; lastKnownFileType = sourcecode.c.h; path = "UIRefreshControl+Configurations.h"; sourceTree = "<group>"; };
		8DCF3AFC1A968E2600FBD2BB /* UIRefreshControl+Configurations.m */ = {isa = PBXFileReference; fileEncoding = 4; lastKnownFileType = sourcecode.c.objc; path = "UIRefreshControl+Configurations.m"; sourceTree = "<group>"; };
		8DCF3AFE1A96AA7700FBD2BB /* UIPickerView+Configurations.h */ = {isa = PBXFileReference; fileEncoding = 4; lastKnownFileType = sourcecode.c.h; path = "UIPickerView+Configurations.h"; sourceTree = "<group>"; };
		8DCF3AFF1A96AA7700FBD2BB /* UIPickerView+Configurations.m */ = {isa = PBXFileReference; fileEncoding = 4; lastKnownFileType = sourcecode.c.objc; path = "UIPickerView+Configurations.m"; sourceTree = "<group>"; };
		8DFADDB31A5A470600D1CD04 /* LocalNotificationHelper.h */ = {isa = PBXFileReference; fileEncoding = 4; lastKnownFileType = sourcecode.c.h; path = LocalNotificationHelper.h; sourceTree = "<group>"; };
		8DFADDB41A5A470600D1CD04 /* LocalNotificationHelper.m */ = {isa = PBXFileReference; fileEncoding = 4; lastKnownFileType = sourcecode.c.objc; path = LocalNotificationHelper.m; sourceTree = "<group>"; };
		8DFB4C771A56208900FA334B /* Reposit.app */ = {isa = PBXFileReference; explicitFileType = wrapper.application; includeInIndex = 0; path = Reposit.app; sourceTree = BUILT_PRODUCTS_DIR; };
		8DFB4C7B1A56208900FA334B /* Info.plist */ = {isa = PBXFileReference; lastKnownFileType = text.plist.xml; path = Info.plist; sourceTree = "<group>"; };
		8DFB4C7C1A56208900FA334B /* main.m */ = {isa = PBXFileReference; lastKnownFileType = sourcecode.c.objc; path = main.m; sourceTree = "<group>"; };
		8DFB4C7E1A56208900FA334B /* AppDelegate.h */ = {isa = PBXFileReference; lastKnownFileType = sourcecode.c.h; path = AppDelegate.h; sourceTree = "<group>"; };
		8DFB4C7F1A56208900FA334B /* AppDelegate.m */ = {isa = PBXFileReference; lastKnownFileType = sourcecode.c.objc; path = AppDelegate.m; sourceTree = "<group>"; };
		8DFB4C821A56208900FA334B /* Reposit.xcdatamodel */ = {isa = PBXFileReference; lastKnownFileType = wrapper.xcdatamodel; path = Reposit.xcdatamodel; sourceTree = "<group>"; };
		8DFB4C881A56208900FA334B /* Base */ = {isa = PBXFileReference; lastKnownFileType = file.storyboard; name = Base; path = Base.lproj/Main.storyboard; sourceTree = "<group>"; };
		8DFB4C8A1A56208900FA334B /* Images.xcassets */ = {isa = PBXFileReference; lastKnownFileType = folder.assetcatalog; path = Images.xcassets; sourceTree = "<group>"; };
		8DFB4C931A56208900FA334B /* RepositTests.xctest */ = {isa = PBXFileReference; explicitFileType = wrapper.cfbundle; includeInIndex = 0; path = RepositTests.xctest; sourceTree = BUILT_PRODUCTS_DIR; };
		8DFB4C981A56208900FA334B /* Info.plist */ = {isa = PBXFileReference; lastKnownFileType = text.plist.xml; path = Info.plist; sourceTree = "<group>"; };
		8DFB4C991A56208900FA334B /* RepositTests.m */ = {isa = PBXFileReference; lastKnownFileType = sourcecode.c.objc; path = RepositTests.m; sourceTree = "<group>"; };
/* End PBXFileReference section */

/* Begin PBXFrameworksBuildPhase section */
		8DFB4C741A56208900FA334B /* Frameworks */ = {
			isa = PBXFrameworksBuildPhase;
			buildActionMask = 2147483647;
			files = (
				8D9EF2621A75701500E36EB4 /* MobileCoreServices.framework in Frameworks */,
				8D9EF25C1A756BBA00E36EB4 /* ISO8601DateFormatter.framework in Frameworks */,
				8D9EF25B1A756BBA00E36EB4 /* AFNetworking.framework in Frameworks */,
				8D9EF25E1A756BBA00E36EB4 /* OctoKit.framework in Frameworks */,
				8D9EF25D1A756BBA00E36EB4 /* Mantle.framework in Frameworks */,
				8D9EF25F1A756BBA00E36EB4 /* ReactiveCocoa.framework in Frameworks */,
			);
			runOnlyForDeploymentPostprocessing = 0;
		};
		8DFB4C901A56208900FA334B /* Frameworks */ = {
			isa = PBXFrameworksBuildPhase;
			buildActionMask = 2147483647;
			files = (
			);
			runOnlyForDeploymentPostprocessing = 0;
		};
/* End PBXFrameworksBuildPhase section */

/* Begin PBXGroup section */
		8D9EF2551A756B8E00E36EB4 /* Frameworks */ = {
			isa = PBXGroup;
			children = (
				8D9EF2591A756BBA00E36EB4 /* OctoKit.framework */,
				8D9EF2611A75701500E36EB4 /* MobileCoreServices.framework */,
				8D9EF2561A756BBA00E36EB4 /* AFNetworking.framework */,
				8D9EF2571A756BBA00E36EB4 /* ISO8601DateFormatter.framework */,
				8D9EF2581A756BBA00E36EB4 /* Mantle.framework */,
				8D9EF25A1A756BBA00E36EB4 /* ReactiveCocoa.framework */,
			);
			name = Frameworks;
			path = ..;
			sourceTree = "<group>";
		};
		8DFB4C6E1A56208900FA334B = {
			isa = PBXGroup;
			children = (
				8DA8DC621A5B7E62006D3D3C /* Media.xcassets */,
				8DFB4C791A56208900FA334B /* Reposit */,
				8DFB4C961A56208900FA334B /* RepositTests */,
				8DFB4C781A56208900FA334B /* Products */,
			);
			sourceTree = "<group>";
		};
		8DFB4C781A56208900FA334B /* Products */ = {
			isa = PBXGroup;
			children = (
				8DFB4C771A56208900FA334B /* Reposit.app */,
				8DFB4C931A56208900FA334B /* RepositTests.xctest */,
			);
			name = Products;
			sourceTree = "<group>";
		};
		8DFB4C791A56208900FA334B /* Reposit */ = {
			isa = PBXGroup;
			children = (
				8DFB4C7E1A56208900FA334B /* AppDelegate.h */,
				8DFB4C7F1A56208900FA334B /* AppDelegate.m */,
				8DA3D9AA1A5625D2005AA177 /* RepoTableViewController.h */,
				8DA3D9AB1A5625D2005AA177 /* RepoTableViewController.m */,
				8D3D6DE31A58980E003F8C42 /* AddReposTableViewController.h */,
				8D3D6DE41A58980E003F8C42 /* AddReposTableViewController.m */,
				8D805A291A59C3BD003C97B2 /* RepoDetailViewController.h */,
				8D805A2A1A59C3BD003C97B2 /* RepoDetailViewController.m */,
				8D3D6DED1A58CEE6003F8C42 /* RepoWebViewController.h */,
				8D3D6DEE1A58CEE6003F8C42 /* RepoWebViewController.m */,
				8DFB4C871A56208900FA334B /* Main.storyboard */,
				8D603E561A83FBBD0004E53A /* PickerViewToolBar.h */,
				8D603E571A83FBBD0004E53A /* PickerViewToolBar.m */,
				8D603E541A83F9050004E53A /* PickerViewToolBar.xib */,
				8D603E591A8426810004E53A /* UserGraphView.h */,
				8D603E5A1A8426810004E53A /* UserGraphView.m */,
				8DBCC45D1A5BBA2C0084BE1F /* LaunchScreen.xib */,
				8DFB4C8A1A56208900FA334B /* Images.xcassets */,
				8DFB4C811A56208900FA334B /* Reposit.xcdatamodeld */,
				8DCF3AF21A96866D00FBD2BB /* UITableViewCell+Configurations.h */,
				8DCF3AF31A96866D00FBD2BB /* UITableViewCell+Configurations.m */,
				8DCF3AF51A9688DB00FBD2BB /* UILabel+Configurations.h */,
				8DCF3AF61A9688DB00FBD2BB /* UILabel+Configurations.m */,
				8DCF3AF81A968C8900FBD2BB /* UISearchBar+Configurations.h */,
				8DCF3AF91A968C8900FBD2BB /* UISearchBar+Configurations.m */,
				8DCF3AFB1A968E2600FBD2BB /* UIRefreshControl+Configurations.h */,
				8DCF3AFC1A968E2600FBD2BB /* UIRefreshControl+Configurations.m */,
				8DCF3AFE1A96AA7700FBD2BB /* UIPickerView+Configurations.h */,
				8DCF3AFF1A96AA7700FBD2BB /* UIPickerView+Configurations.m */,
				8DFB4C7A1A56208900FA334B /* Supporting Files */,
				8D9EF2551A756B8E00E36EB4 /* Frameworks */,
			);
			path = Reposit;
			sourceTree = "<group>";
		};
		8DFB4C7A1A56208900FA334B /* Supporting Files */ = {
			isa = PBXGroup;
			children = (
				8DFB4C7B1A56208900FA334B /* Info.plist */,
				8DFB4C7C1A56208900FA334B /* main.m */,
				8D9EF2641A7571ED00E36EB4 /* Secret.h */,
				8D9EF2651A7571FB00E36EB4 /* Secret.m */,
				8DA3D9AD1A5628BD005AA177 /* GitHubHelper.h */,
				8DA3D9AE1A5628BD005AA177 /* GitHubHelper.m */,
				8D2D0A381A7C31A000E31B14 /* SessionHelper.h */,
				8D2D0A391A7C31A000E31B14 /* SessionHelper.m */,
				8D1443CC1A816F3700FD17CA /* KeychainWrapper.h */,
				8D1443CD1A816F3700FD17CA /* KeychainWrapper.m */,
				8DA483BC1A76E857002EE56E /* UserHelper.h */,
				8DA483BD1A76E857002EE56E /* UserHelper.m */,
				8DFADDB31A5A470600D1CD04 /* LocalNotificationHelper.h */,
				8DFADDB41A5A470600D1CD04 /* LocalNotificationHelper.m */,
				8D2D0A3E1A7C3EA000E31B14 /* Repository.h */,
				8D2D0A3F1A7C3EA000E31B14 /* Repository.m */,
				8D2D0A3B1A7C3E5B00E31B14 /* User.h */,
				8D2D0A3C1A7C3E5B00E31B14 /* User.m */,
			);
			name = "Supporting Files";
			sourceTree = "<group>";
		};
		8DFB4C961A56208900FA334B /* RepositTests */ = {
			isa = PBXGroup;
			children = (
				8DFB4C991A56208900FA334B /* RepositTests.m */,
				8DFB4C971A56208900FA334B /* Supporting Files */,
			);
			path = RepositTests;
			sourceTree = "<group>";
		};
		8DFB4C971A56208900FA334B /* Supporting Files */ = {
			isa = PBXGroup;
			children = (
				8DFB4C981A56208900FA334B /* Info.plist */,
			);
			name = "Supporting Files";
			sourceTree = "<group>";
		};
/* End PBXGroup section */

/* Begin PBXNativeTarget section */
		8DFB4C761A56208900FA334B /* Reposit */ = {
			isa = PBXNativeTarget;
			buildConfigurationList = 8DFB4C9D1A56208900FA334B /* Build configuration list for PBXNativeTarget "Reposit" */;
			buildPhases = (
				8DFB4C731A56208900FA334B /* Sources */,
				8DFB4C741A56208900FA334B /* Frameworks */,
				8DFB4C751A56208900FA334B /* Resources */,
				8D9EF2601A756D1100E36EB4 /* ShellScript */,
			);
			buildRules = (
			);
			dependencies = (
			);
			name = Reposit;
			productName = Reposit;
			productReference = 8DFB4C771A56208900FA334B /* Reposit.app */;
			productType = "com.apple.product-type.application";
		};
		8DFB4C921A56208900FA334B /* RepositTests */ = {
			isa = PBXNativeTarget;
			buildConfigurationList = 8DFB4CA01A56208900FA334B /* Build configuration list for PBXNativeTarget "RepositTests" */;
			buildPhases = (
				8DFB4C8F1A56208900FA334B /* Sources */,
				8DFB4C901A56208900FA334B /* Frameworks */,
				8DFB4C911A56208900FA334B /* Resources */,
			);
			buildRules = (
			);
			dependencies = (
				8DFB4C951A56208900FA334B /* PBXTargetDependency */,
			);
			name = RepositTests;
			productName = RepositTests;
			productReference = 8DFB4C931A56208900FA334B /* RepositTests.xctest */;
			productType = "com.apple.product-type.bundle.unit-test";
		};
/* End PBXNativeTarget section */

/* Begin PBXProject section */
		8DFB4C6F1A56208900FA334B /* Project object */ = {
			isa = PBXProject;
			attributes = {
				LastUpgradeCheck = 0620;
				ORGANIZATIONNAME = "Morgan Chen";
				TargetAttributes = {
					8DFB4C761A56208900FA334B = {
						CreatedOnToolsVersion = 6.2;
						DevelopmentTeam = M6DRS84M33;
					};
					8DFB4C921A56208900FA334B = {
						CreatedOnToolsVersion = 6.2;
						TestTargetID = 8DFB4C761A56208900FA334B;
					};
				};
			};
			buildConfigurationList = 8DFB4C721A56208900FA334B /* Build configuration list for PBXProject "Reposit" */;
			compatibilityVersion = "Xcode 3.2";
			developmentRegion = English;
			hasScannedForEncodings = 0;
			knownRegions = (
				en,
				Base,
			);
			mainGroup = 8DFB4C6E1A56208900FA334B;
			productRefGroup = 8DFB4C781A56208900FA334B /* Products */;
			projectDirPath = "";
			projectRoot = "";
			targets = (
				8DFB4C761A56208900FA334B /* Reposit */,
				8DFB4C921A56208900FA334B /* RepositTests */,
			);
		};
/* End PBXProject section */

/* Begin PBXResourcesBuildPhase section */
		8DFB4C751A56208900FA334B /* Resources */ = {
			isa = PBXResourcesBuildPhase;
			buildActionMask = 2147483647;
			files = (
				8DBCC45E1A5BBA2C0084BE1F /* LaunchScreen.xib in Resources */,
				8DFB4C891A56208900FA334B /* Main.storyboard in Resources */,
				8DA8DC631A5B7E62006D3D3C /* Media.xcassets in Resources */,
				8D603E551A83F9050004E53A /* PickerViewToolBar.xib in Resources */,
				8DFB4C8B1A56208900FA334B /* Images.xcassets in Resources */,
			);
			runOnlyForDeploymentPostprocessing = 0;
		};
		8DFB4C911A56208900FA334B /* Resources */ = {
			isa = PBXResourcesBuildPhase;
			buildActionMask = 2147483647;
			files = (
			);
			runOnlyForDeploymentPostprocessing = 0;
		};
/* End PBXResourcesBuildPhase section */

/* Begin PBXShellScriptBuildPhase section */
		8D9EF2601A756D1100E36EB4 /* ShellScript */ = {
			isa = PBXShellScriptBuildPhase;
			buildActionMask = 2147483647;
			files = (
			);
			inputPaths = (
				"$(SRCROOT)/Carthage/Build/iOS/AFNetworking.framework",
				"$(SRCROOT)/Carthage/Build/iOS/ISO8601DateFormatter.framework",
				"$(SRCROOT)/Carthage/Build/iOS/Mantle.framework",
				"$(SRCROOT)/Carthage/Build/iOS/OctoKit.framework",
				"$(SRCROOT)/Carthage/Build/iOS/ReactiveCocoa.framework",
			);
			outputPaths = (
			);
			runOnlyForDeploymentPostprocessing = 0;
			shellPath = "/usr/local/bin/carthage copy-frameworks";
			shellScript = "";
		};
/* End PBXShellScriptBuildPhase section */

/* Begin PBXSourcesBuildPhase section */
		8DFB4C731A56208900FA334B /* Sources */ = {
			isa = PBXSourcesBuildPhase;
			buildActionMask = 2147483647;
			files = (
				8D3D6DE51A58980E003F8C42 /* AddReposTableViewController.m in Sources */,
				8DFB4C831A56208900FA334B /* Reposit.xcdatamodeld in Sources */,
				8DCF3AFA1A968C8900FBD2BB /* UISearchBar+Configurations.m in Sources */,
				8DA3D9AC1A5625D2005AA177 /* RepoTableViewController.m in Sources */,
				8DFB4C801A56208900FA334B /* AppDelegate.m in Sources */,
				8DCF3AFD1A968E2600FBD2BB /* UIRefreshControl+Configurations.m in Sources */,
				8D9EF2661A7571FB00E36EB4 /* Secret.m in Sources */,
				8D603E5B1A8426810004E53A /* UserGraphView.m in Sources */,
				8D805A2B1A59C3BD003C97B2 /* RepoDetailViewController.m in Sources */,
				8DCF3B001A96AA7700FBD2BB /* UIPickerView+Configurations.m in Sources */,
				8DA3D9AF1A5628BD005AA177 /* GitHubHelper.m in Sources */,
				8D2D0A401A7C3EA000E31B14 /* Repository.m in Sources */,
				8D3D6DEF1A58CEE6003F8C42 /* RepoWebViewController.m in Sources */,
				8DCF3AF41A96866D00FBD2BB /* UITableViewCell+Configurations.m in Sources */,
				8D1443CE1A816F3700FD17CA /* KeychainWrapper.m in Sources */,
				8D603E581A83FBBD0004E53A /* PickerViewToolBar.m in Sources */,
				8D2D0A3D1A7C3E5B00E31B14 /* User.m in Sources */,
				8DCF3AF71A9688DB00FBD2BB /* UILabel+Configurations.m in Sources */,
				8DFADDB51A5A470600D1CD04 /* LocalNotificationHelper.m in Sources */,
				8DA483BE1A76E857002EE56E /* UserHelper.m in Sources */,
				8DFB4C7D1A56208900FA334B /* main.m in Sources */,
				8D2D0A3A1A7C31A000E31B14 /* SessionHelper.m in Sources */,
			);
			runOnlyForDeploymentPostprocessing = 0;
		};
		8DFB4C8F1A56208900FA334B /* Sources */ = {
			isa = PBXSourcesBuildPhase;
			buildActionMask = 2147483647;
			files = (
				8DFB4C9A1A56208900FA334B /* RepositTests.m in Sources */,
			);
			runOnlyForDeploymentPostprocessing = 0;
		};
/* End PBXSourcesBuildPhase section */

/* Begin PBXTargetDependency section */
		8DFB4C951A56208900FA334B /* PBXTargetDependency */ = {
			isa = PBXTargetDependency;
			target = 8DFB4C761A56208900FA334B /* Reposit */;
			targetProxy = 8DFB4C941A56208900FA334B /* PBXContainerItemProxy */;
		};
/* End PBXTargetDependency section */

/* Begin PBXVariantGroup section */
		8DFB4C871A56208900FA334B /* Main.storyboard */ = {
			isa = PBXVariantGroup;
			children = (
				8DFB4C881A56208900FA334B /* Base */,
			);
			name = Main.storyboard;
			sourceTree = "<group>";
		};
/* End PBXVariantGroup section */

/* Begin XCBuildConfiguration section */
		8DFB4C9B1A56208900FA334B /* Debug */ = {
			isa = XCBuildConfiguration;
			buildSettings = {
				ALWAYS_SEARCH_USER_PATHS = NO;
				CLANG_CXX_LANGUAGE_STANDARD = "gnu++0x";
				CLANG_CXX_LIBRARY = "libc++";
				CLANG_ENABLE_MODULES = YES;
				CLANG_ENABLE_OBJC_ARC = YES;
				CLANG_WARN_BOOL_CONVERSION = YES;
				CLANG_WARN_CONSTANT_CONVERSION = YES;
				CLANG_WARN_DIRECT_OBJC_ISA_USAGE = YES_ERROR;
				CLANG_WARN_EMPTY_BODY = YES;
				CLANG_WARN_ENUM_CONVERSION = YES;
				CLANG_WARN_INT_CONVERSION = YES;
				CLANG_WARN_OBJC_ROOT_CLASS = YES_ERROR;
				CLANG_WARN_UNREACHABLE_CODE = YES;
				CLANG_WARN__DUPLICATE_METHOD_MATCH = YES;
				"CODE_SIGN_IDENTITY[sdk=iphoneos*]" = "iPhone Developer";
				COPY_PHASE_STRIP = NO;
				ENABLE_STRICT_OBJC_MSGSEND = YES;
				GCC_C_LANGUAGE_STANDARD = gnu99;
				GCC_DYNAMIC_NO_PIC = NO;
				GCC_OPTIMIZATION_LEVEL = 0;
				GCC_PREPROCESSOR_DEFINITIONS = (
					"DEBUG=1",
					"$(inherited)",
				);
				GCC_SYMBOLS_PRIVATE_EXTERN = NO;
				GCC_WARN_64_TO_32_BIT_CONVERSION = YES;
				GCC_WARN_ABOUT_RETURN_TYPE = YES_ERROR;
				GCC_WARN_UNDECLARED_SELECTOR = YES;
				GCC_WARN_UNINITIALIZED_AUTOS = YES_AGGRESSIVE;
				GCC_WARN_UNUSED_FUNCTION = YES;
				GCC_WARN_UNUSED_VARIABLE = YES;
				IPHONEOS_DEPLOYMENT_TARGET = 7.1;
				MTL_ENABLE_DEBUG_INFO = YES;
				ONLY_ACTIVE_ARCH = YES;
				SDKROOT = iphoneos;
			};
			name = Debug;
		};
		8DFB4C9C1A56208900FA334B /* Release */ = {
			isa = XCBuildConfiguration;
			buildSettings = {
				ALWAYS_SEARCH_USER_PATHS = NO;
				CLANG_CXX_LANGUAGE_STANDARD = "gnu++0x";
				CLANG_CXX_LIBRARY = "libc++";
				CLANG_ENABLE_MODULES = YES;
				CLANG_ENABLE_OBJC_ARC = YES;
				CLANG_WARN_BOOL_CONVERSION = YES;
				CLANG_WARN_CONSTANT_CONVERSION = YES;
				CLANG_WARN_DIRECT_OBJC_ISA_USAGE = YES_ERROR;
				CLANG_WARN_EMPTY_BODY = YES;
				CLANG_WARN_ENUM_CONVERSION = YES;
				CLANG_WARN_INT_CONVERSION = YES;
				CLANG_WARN_OBJC_ROOT_CLASS = YES_ERROR;
				CLANG_WARN_UNREACHABLE_CODE = YES;
				CLANG_WARN__DUPLICATE_METHOD_MATCH = YES;
				"CODE_SIGN_IDENTITY[sdk=iphoneos*]" = "iPhone Developer";
				COPY_PHASE_STRIP = NO;
				ENABLE_NS_ASSERTIONS = NO;
				ENABLE_STRICT_OBJC_MSGSEND = YES;
				GCC_C_LANGUAGE_STANDARD = gnu99;
				GCC_WARN_64_TO_32_BIT_CONVERSION = YES;
				GCC_WARN_ABOUT_RETURN_TYPE = YES_ERROR;
				GCC_WARN_UNDECLARED_SELECTOR = YES;
				GCC_WARN_UNINITIALIZED_AUTOS = YES_AGGRESSIVE;
				GCC_WARN_UNUSED_FUNCTION = YES;
				GCC_WARN_UNUSED_VARIABLE = YES;
				IPHONEOS_DEPLOYMENT_TARGET = 7.1;
				MTL_ENABLE_DEBUG_INFO = NO;
				SDKROOT = iphoneos;
				VALIDATE_PRODUCT = YES;
			};
			name = Release;
		};
		8DFB4C9E1A56208900FA334B /* Debug */ = {
			isa = XCBuildConfiguration;
			buildSettings = {
				ASSETCATALOG_COMPILER_APPICON_NAME = AppIcon;
				CODE_SIGN_IDENTITY = "iPhone Developer";
				"CODE_SIGN_IDENTITY[sdk=iphoneos*]" = "iPhone Developer";
				FRAMEWORK_SEARCH_PATHS = (
					"$(inherited)",
					"$(PROJECT_DIR)/Carthage/Build/iOS",
				);
				INFOPLIST_FILE = Reposit/Info.plist;
				IPHONEOS_DEPLOYMENT_TARGET = 8.0;
				LD_RUNPATH_SEARCH_PATHS = "$(inherited) @executable_path/Frameworks";
				PRODUCT_NAME = "$(TARGET_NAME)";
				PROVISIONING_PROFILE = "";
				TARGETED_DEVICE_FAMILY = "1,2";
			};
			name = Debug;
		};
		8DFB4C9F1A56208900FA334B /* Release */ = {
			isa = XCBuildConfiguration;
			buildSettings = {
				ASSETCATALOG_COMPILER_APPICON_NAME = AppIcon;
				CODE_SIGN_IDENTITY = "iPhone Developer";
				"CODE_SIGN_IDENTITY[sdk=iphoneos*]" = "iPhone Developer";
				FRAMEWORK_SEARCH_PATHS = (
					"$(inherited)",
					"$(PROJECT_DIR)/Carthage/Build/iOS",
				);
				INFOPLIST_FILE = Reposit/Info.plist;
				IPHONEOS_DEPLOYMENT_TARGET = 8.0;
				LD_RUNPATH_SEARCH_PATHS = "$(inherited) @executable_path/Frameworks";
				PRODUCT_NAME = "$(TARGET_NAME)";
				PROVISIONING_PROFILE = "";
				TARGETED_DEVICE_FAMILY = "1,2";
			};
			name = Release;
		};
		8DFB4CA11A56208900FA334B /* Debug */ = {
			isa = XCBuildConfiguration;
			buildSettings = {
				BUNDLE_LOADER = "$(TEST_HOST)";
				FRAMEWORK_SEARCH_PATHS = (
					"$(SDKROOT)/Developer/Library/Frameworks",
					"$(inherited)",
				);
				GCC_PREPROCESSOR_DEFINITIONS = (
					"DEBUG=1",
					"$(inherited)",
				);
				INFOPLIST_FILE = RepositTests/Info.plist;
				IPHONEOS_DEPLOYMENT_TARGET = 6.1;
				LD_RUNPATH_SEARCH_PATHS = "$(inherited) @executable_path/Frameworks @loader_path/Frameworks";
				PRODUCT_NAME = "$(TARGET_NAME)";
				TEST_HOST = "$(BUILT_PRODUCTS_DIR)/Reposit.app/Reposit";
			};
			name = Debug;
		};
		8DFB4CA21A56208900FA334B /* Release */ = {
			isa = XCBuildConfiguration;
			buildSettings = {
				BUNDLE_LOADER = "$(TEST_HOST)";
				FRAMEWORK_SEARCH_PATHS = (
					"$(SDKROOT)/Developer/Library/Frameworks",
					"$(inherited)",
				);
				INFOPLIST_FILE = RepositTests/Info.plist;
				IPHONEOS_DEPLOYMENT_TARGET = 6.1;
				LD_RUNPATH_SEARCH_PATHS = "$(inherited) @executable_path/Frameworks @loader_path/Frameworks";
				PRODUCT_NAME = "$(TARGET_NAME)";
				TEST_HOST = "$(BUILT_PRODUCTS_DIR)/Reposit.app/Reposit";
			};
			name = Release;
		};
/* End XCBuildConfiguration section */

/* Begin XCConfigurationList section */
		8DFB4C721A56208900FA334B /* Build configuration list for PBXProject "Reposit" */ = {
			isa = XCConfigurationList;
			buildConfigurations = (
				8DFB4C9B1A56208900FA334B /* Debug */,
				8DFB4C9C1A56208900FA334B /* Release */,
			);
			defaultConfigurationIsVisible = 0;
			defaultConfigurationName = Release;
		};
		8DFB4C9D1A56208900FA334B /* Build configuration list for PBXNativeTarget "Reposit" */ = {
			isa = XCConfigurationList;
			buildConfigurations = (
				8DFB4C9E1A56208900FA334B /* Debug */,
				8DFB4C9F1A56208900FA334B /* Release */,
			);
			defaultConfigurationIsVisible = 0;
			defaultConfigurationName = Release;
		};
		8DFB4CA01A56208900FA334B /* Build configuration list for PBXNativeTarget "RepositTests" */ = {
			isa = XCConfigurationList;
			buildConfigurations = (
				8DFB4CA11A56208900FA334B /* Debug */,
				8DFB4CA21A56208900FA334B /* Release */,
			);
			defaultConfigurationIsVisible = 0;
			defaultConfigurationName = Release;
		};
/* End XCConfigurationList section */

/* Begin XCVersionGroup section */
		8DFB4C811A56208900FA334B /* Reposit.xcdatamodeld */ = {
			isa = XCVersionGroup;
			children = (
				8DFB4C821A56208900FA334B /* Reposit.xcdatamodel */,
			);
			currentVersion = 8DFB4C821A56208900FA334B /* Reposit.xcdatamodel */;
			path = Reposit.xcdatamodeld;
			sourceTree = "<group>";
			versionGroupType = wrapper.xcdatamodel;
		};
/* End XCVersionGroup section */
	};
	rootObject = 8DFB4C6F1A56208900FA334B /* Project object */;
}
